
Microsoft Visual Studio Solution File, Format Version 12.00
# Visual Studio 15
VisualStudioVersion = 15.0.28010.2050
MinimumVisualStudioVersion = 10.0.40219.1
Project("{FAE04EC0-301F-11D3-BF4B-00C04F79EFBC}") = "testje", "testje\testje.csproj", "{5B874652-896E-4155-90E7-E47212CA9EF9}"
EndProject
Global
	GlobalSection(SolutionConfigurationPlatforms) = preSolution
		Debug|Any CPU = Debug|Any CPU
		Release|Any CPU = Release|Any CPU
	EndGlobalSection
	GlobalSection(ProjectConfigurationPlatforms) = postSolution
		{5B874652-896E-4155-90E7-E47212CA9EF9}.Debug|Any CPU.ActiveCfg = Debug|Any CPU
		{5B874652-896E-4155-90E7-E47212CA9EF9}.Debug|Any CPU.Build.0 = Debug|Any CPU
		{5B874652-896E-4155-90E7-E47212CA9EF9}.Release|Any CPU.ActiveCfg = Release|Any CPU
		{5B874652-896E-4155-90E7-E47212CA9EF9}.Release|Any CPU.Build.0 = Release|Any CPU
	EndGlobalSection
	GlobalSection(SolutionProperties) = preSolution
		HideSolutionNode = FALSE
	EndGlobalSection
	GlobalSection(ExtensibilityGlobals) = postSolution
		SolutionGuid = {433BF282-E6CF-4B15-ACAC-10BFB4E594F5}
	EndGlobalSection
EndGlobal
